// !$*UTF8*$!
{
	archiveVersion = 1;
	classes = {
	};
	objectVersion = 48;
	objects = {

/* Begin PBXBuildFile section */
		0833C94F0B594FFD67C90188 /* Pods_MadridShopping.framework in Frameworks */ = {isa = PBXBuildFile; fileRef = E47BB5363BA808AD1983A1AA /* Pods_MadridShopping.framework */; };
		30FD9992BD332274E21B0E4E /* Pods_MadridShoppingTests.framework in Frameworks */ = {isa = PBXBuildFile; fileRef = 1F5C1D7DDCED3B1952B3C233 /* Pods_MadridShoppingTests.framework */; };
		CF165F151F7BFD0300AB3A97 /* ShopViewDetailController.swift in Sources */ = {isa = PBXBuildFile; fileRef = CF165F141F7BFD0300AB3A97 /* ShopViewDetailController.swift */; };
		CF1FAE471F76CFFF00B24976 /* DownloadAllShopsInteractor.swift in Sources */ = {isa = PBXBuildFile; fileRef = CF1FAE461F76CFFF00B24976 /* DownloadAllShopsInteractor.swift */; };
		CF1FAE491F76D05F00B24976 /* Shop.swift in Sources */ = {isa = PBXBuildFile; fileRef = CF1FAE481F76D05F00B24976 /* Shop.swift */; };
		CF1FAE4B1F76D07700B24976 /* Shops.swift in Sources */ = {isa = PBXBuildFile; fileRef = CF1FAE4A1F76D07700B24976 /* Shops.swift */; };
		CF1FAE4D1F76D4F200B24976 /* DownloadAllShopsInteractorFakeImpl.swift in Sources */ = {isa = PBXBuildFile; fileRef = CF1FAE4C1F76D4F200B24976 /* DownloadAllShopsInteractorFakeImpl.swift */; };
		CF1FAE4F1F76D8DB00B24976 /* Typealias.swift in Sources */ = {isa = PBXBuildFile; fileRef = CF1FAE4E1F76D8DB00B24976 /* Typealias.swift */; };
		CF1FAE511F77CBDD00B24976 /* MainViewController.swift in Sources */ = {isa = PBXBuildFile; fileRef = CF1FAE501F77CBDD00B24976 /* MainViewController.swift */; };
		CF1FAE531F795AF300B24976 /* ShopsViewController+CollectionViewController.swift in Sources */ = {isa = PBXBuildFile; fileRef = CF1FAE521F795AF300B24976 /* ShopsViewController+CollectionViewController.swift */; };
		CF1FAE551F795F3E00B24976 /* ShopCell.swift in Sources */ = {isa = PBXBuildFile; fileRef = CF1FAE541F795F3E00B24976 /* ShopCell.swift */; };
		CF47066B1F7D3A7D00A4CD5B /* CoreData.framework in Frameworks */ = {isa = PBXBuildFile; fileRef = CF47066A1F7D3A7D00A4CD5B /* CoreData.framework */; };
		CF47066E1F7D3AD000A4CD5B /* MadridShopping.xcdatamodeld in Sources */ = {isa = PBXBuildFile; fileRef = CF47066C1F7D3AD000A4CD5B /* MadridShopping.xcdatamodeld */; };
		CF4706701F7D3FF200A4CD5B /* CoreDataStack.swift in Sources */ = {isa = PBXBuildFile; fileRef = CF47066F1F7D3FF200A4CD5B /* CoreDataStack.swift */; };
		CF4706731F7D4B8D00A4CD5B /* SaveAllShopsInteractor.swift in Sources */ = {isa = PBXBuildFile; fileRef = CF4706721F7D4B8D00A4CD5B /* SaveAllShopsInteractor.swift */; };
		CF4706751F7D4BA700A4CD5B /* SaveAllShopsInteractorImpl.swift in Sources */ = {isa = PBXBuildFile; fileRef = CF4706741F7D4BA700A4CD5B /* SaveAllShopsInteractorImpl.swift */; };
		CF5B58BD1F83D9F700307AEC /* Main.storyboard in Resources */ = {isa = PBXBuildFile; fileRef = CF5B58BF1F83D9F700307AEC /* Main.storyboard */; };
		CF881B4E1F710B4D00F47554 /* AppDelegate.swift in Sources */ = {isa = PBXBuildFile; fileRef = CF881B4D1F710B4D00F47554 /* AppDelegate.swift */; };
		CF881B501F710B4D00F47554 /* ShopsViewController.swift in Sources */ = {isa = PBXBuildFile; fileRef = CF881B4F1F710B4D00F47554 /* ShopsViewController.swift */; };
		CF881B551F710B4D00F47554 /* Assets.xcassets in Resources */ = {isa = PBXBuildFile; fileRef = CF881B541F710B4D00F47554 /* Assets.xcassets */; };
		CF881B581F710B4D00F47554 /* LaunchScreen.storyboard in Resources */ = {isa = PBXBuildFile; fileRef = CF881B561F710B4D00F47554 /* LaunchScreen.storyboard */; };
		CF881B631F710B4D00F47554 /* MadridShoppingTests.swift in Sources */ = {isa = PBXBuildFile; fileRef = CF881B621F710B4D00F47554 /* MadridShoppingTests.swift */; };
		CF881B761F71473800F47554 /* sample-map-DetailShopViewController.png in Resources */ = {isa = PBXBuildFile; fileRef = CF881B731F7135CA00F47554 /* sample-map-DetailShopViewController.png */; };
		CF881B771F71473800F47554 /* sample-map-ShopsViewController.png in Resources */ = {isa = PBXBuildFile; fileRef = CF881B741F7135CA00F47554 /* sample-map-ShopsViewController.png */; };
		CF881B781F71473800F47554 /* logo-ms.jpeg in Resources */ = {isa = PBXBuildFile; fileRef = CF881B701F711CBC00F47554 /* logo-ms.jpeg */; };
		CF8E178D1F7A9DC7004803F1 /* DownloadAllShopsInteractorNSDataImp.swift in Sources */ = {isa = PBXBuildFile; fileRef = CF8E178C1F7A9DC7004803F1 /* DownloadAllShopsInteractorNSDataImp.swift */; };
		CF8E17901F7AA0B0004803F1 /* JSONParser.swift in Sources */ = {isa = PBXBuildFile; fileRef = CF8E178F1F7AA0B0004803F1 /* JSONParser.swift */; };
		CF8E17921F7AA0FF004803F1 /* DownloadAllShopsInteractorNSURLSessionImpl.swift in Sources */ = {isa = PBXBuildFile; fileRef = CF8E17911F7AA0FF004803F1 /* DownloadAllShopsInteractorNSURLSessionImpl.swift */; };
		CF8E17951F7AA425004803F1 /* String+Image.swift in Sources */ = {isa = PBXBuildFile; fileRef = CF8E17941F7AA425004803F1 /* String+Image.swift */; };
		CF8E17981F7BBF83004803F1 /* MapKit.framework in Frameworks */ = {isa = PBXBuildFile; fileRef = CF8E17971F7BBF83004803F1 /* MapKit.framework */; };
		CFF970C51F7EA992006D74DD /* MapShops.swift in Sources */ = {isa = PBXBuildFile; fileRef = CFF970C41F7EA6AD006D74DD /* MapShops.swift */; };
		CFF970CA1F7EC686006D74DD /* SetExecuteOneInteractorImp.swift in Sources */ = {isa = PBXBuildFile; fileRef = CFF970C61F7EC684006D74DD /* SetExecuteOneInteractorImp.swift */; };
		CFF970CB1F7EC686006D74DD /* ExecuteOnceInteractorImp.swift in Sources */ = {isa = PBXBuildFile; fileRef = CFF970C71F7EC684006D74DD /* ExecuteOnceInteractorImp.swift */; };
		CFF970CC1F7EC686006D74DD /* SetExecuteOneInteractor.swift in Sources */ = {isa = PBXBuildFile; fileRef = CFF970C81F7EC685006D74DD /* SetExecuteOneInteractor.swift */; };
		CFF970CD1F7EC686006D74DD /* ExecuteOnceInteractor.swift in Sources */ = {isa = PBXBuildFile; fileRef = CFF970C91F7EC685006D74DD /* ExecuteOnceInteractor.swift */; };
		CFF970CF1F7FEE06006D74DD /* MapPin.swift in Sources */ = {isa = PBXBuildFile; fileRef = CFF970CE1F7FEE06006D74DD /* MapPin.swift */; };
		CFF970D11F7FEE83006D74DD /* ShopsViewController+MapViewDelegate.swift in Sources */ = {isa = PBXBuildFile; fileRef = CFF970D01F7FEE83006D74DD /* ShopsViewController+MapViewDelegate.swift */; };
/* End PBXBuildFile section */

/* Begin PBXContainerItemProxy section */
		CF881B5F1F710B4D00F47554 /* PBXContainerItemProxy */ = {
			isa = PBXContainerItemProxy;
			containerPortal = CF881B421F710B4D00F47554 /* Project object */;
			proxyType = 1;
			remoteGlobalIDString = CF881B491F710B4D00F47554;
			remoteInfo = MadridShopping;
		};
/* End PBXContainerItemProxy section */

/* Begin PBXFileReference section */
		1F5C1D7DDCED3B1952B3C233 /* Pods_MadridShoppingTests.framework */ = {isa = PBXFileReference; explicitFileType = wrapper.framework; includeInIndex = 0; path = Pods_MadridShoppingTests.framework; sourceTree = BUILT_PRODUCTS_DIR; };
		4DCE609513645EA1272D4D70 /* Pods-MadridShopping.release.xcconfig */ = {isa = PBXFileReference; includeInIndex = 1; lastKnownFileType = text.xcconfig; name = "Pods-MadridShopping.release.xcconfig"; path = "Pods/Target Support Files/Pods-MadridShopping/Pods-MadridShopping.release.xcconfig"; sourceTree = "<group>"; };
		864BA5B0D27CC3833253F9DD /* Pods-MadridShopping.debug.xcconfig */ = {isa = PBXFileReference; includeInIndex = 1; lastKnownFileType = text.xcconfig; name = "Pods-MadridShopping.debug.xcconfig"; path = "Pods/Target Support Files/Pods-MadridShopping/Pods-MadridShopping.debug.xcconfig"; sourceTree = "<group>"; };
		9E57A062914236232ADA3AFB /* Pods-MadridShoppingTests.debug.xcconfig */ = {isa = PBXFileReference; includeInIndex = 1; lastKnownFileType = text.xcconfig; name = "Pods-MadridShoppingTests.debug.xcconfig"; path = "Pods/Target Support Files/Pods-MadridShoppingTests/Pods-MadridShoppingTests.debug.xcconfig"; sourceTree = "<group>"; };
		C67D6F910A941197E3289AD3 /* Pods-MadridShoppingTests.release.xcconfig */ = {isa = PBXFileReference; includeInIndex = 1; lastKnownFileType = text.xcconfig; name = "Pods-MadridShoppingTests.release.xcconfig"; path = "Pods/Target Support Files/Pods-MadridShoppingTests/Pods-MadridShoppingTests.release.xcconfig"; sourceTree = "<group>"; };
		CF165F141F7BFD0300AB3A97 /* ShopViewDetailController.swift */ = {isa = PBXFileReference; lastKnownFileType = sourcecode.swift; path = ShopViewDetailController.swift; sourceTree = "<group>"; };
		CF1FAE461F76CFFF00B24976 /* DownloadAllShopsInteractor.swift */ = {isa = PBXFileReference; lastKnownFileType = sourcecode.swift; path = DownloadAllShopsInteractor.swift; sourceTree = "<group>"; };
		CF1FAE481F76D05F00B24976 /* Shop.swift */ = {isa = PBXFileReference; lastKnownFileType = sourcecode.swift; path = Shop.swift; sourceTree = "<group>"; };
		CF1FAE4A1F76D07700B24976 /* Shops.swift */ = {isa = PBXFileReference; lastKnownFileType = sourcecode.swift; path = Shops.swift; sourceTree = "<group>"; };
		CF1FAE4C1F76D4F200B24976 /* DownloadAllShopsInteractorFakeImpl.swift */ = {isa = PBXFileReference; lastKnownFileType = sourcecode.swift; path = DownloadAllShopsInteractorFakeImpl.swift; sourceTree = "<group>"; };
		CF1FAE4E1F76D8DB00B24976 /* Typealias.swift */ = {isa = PBXFileReference; lastKnownFileType = sourcecode.swift; path = Typealias.swift; sourceTree = "<group>"; };
		CF1FAE501F77CBDD00B24976 /* MainViewController.swift */ = {isa = PBXFileReference; lastKnownFileType = sourcecode.swift; path = MainViewController.swift; sourceTree = "<group>"; };
		CF1FAE521F795AF300B24976 /* ShopsViewController+CollectionViewController.swift */ = {isa = PBXFileReference; lastKnownFileType = sourcecode.swift; path = "ShopsViewController+CollectionViewController.swift"; sourceTree = "<group>"; };
		CF1FAE541F795F3E00B24976 /* ShopCell.swift */ = {isa = PBXFileReference; lastKnownFileType = sourcecode.swift; path = ShopCell.swift; sourceTree = "<group>"; };
		CF47066A1F7D3A7D00A4CD5B /* CoreData.framework */ = {isa = PBXFileReference; lastKnownFileType = wrapper.framework; name = CoreData.framework; path = System/Library/Frameworks/CoreData.framework; sourceTree = SDKROOT; };
		CF47066D1F7D3AD000A4CD5B /* MadridShopping.xcdatamodel */ = {isa = PBXFileReference; lastKnownFileType = wrapper.xcdatamodel; path = MadridShopping.xcdatamodel; sourceTree = "<group>"; };
		CF47066F1F7D3FF200A4CD5B /* CoreDataStack.swift */ = {isa = PBXFileReference; lastKnownFileType = sourcecode.swift; path = CoreDataStack.swift; sourceTree = "<group>"; };
		CF4706721F7D4B8D00A4CD5B /* SaveAllShopsInteractor.swift */ = {isa = PBXFileReference; lastKnownFileType = sourcecode.swift; path = SaveAllShopsInteractor.swift; sourceTree = "<group>"; };
		CF4706741F7D4BA700A4CD5B /* SaveAllShopsInteractorImpl.swift */ = {isa = PBXFileReference; lastKnownFileType = sourcecode.swift; path = SaveAllShopsInteractorImpl.swift; sourceTree = "<group>"; };
		CF5B58BE1F83D9F700307AEC /* Base */ = {isa = PBXFileReference; lastKnownFileType = file.storyboard; name = Base; path = Base.lproj/Main.storyboard; sourceTree = "<group>"; };
		CF5B58C01F83DA5D00307AEC /* es */ = {isa = PBXFileReference; lastKnownFileType = text.plist.strings; name = es; path = es.lproj/Main.strings; sourceTree = "<group>"; };
		CF5B58C11F83DA5D00307AEC /* es */ = {isa = PBXFileReference; lastKnownFileType = text.plist.strings; name = es; path = es.lproj/LaunchScreen.strings; sourceTree = "<group>"; };
		CF881B4A1F710B4D00F47554 /* MadridShopping.app */ = {isa = PBXFileReference; explicitFileType = wrapper.application; includeInIndex = 0; path = MadridShopping.app; sourceTree = BUILT_PRODUCTS_DIR; };
		CF881B4D1F710B4D00F47554 /* AppDelegate.swift */ = {isa = PBXFileReference; lastKnownFileType = sourcecode.swift; path = AppDelegate.swift; sourceTree = "<group>"; };
		CF881B4F1F710B4D00F47554 /* ShopsViewController.swift */ = {isa = PBXFileReference; lastKnownFileType = sourcecode.swift; path = ShopsViewController.swift; sourceTree = "<group>"; };
		CF881B541F710B4D00F47554 /* Assets.xcassets */ = {isa = PBXFileReference; lastKnownFileType = folder.assetcatalog; path = Assets.xcassets; sourceTree = "<group>"; };
		CF881B571F710B4D00F47554 /* Base */ = {isa = PBXFileReference; lastKnownFileType = file.storyboard; name = Base; path = Base.lproj/LaunchScreen.storyboard; sourceTree = "<group>"; };
		CF881B591F710B4D00F47554 /* Info.plist */ = {isa = PBXFileReference; lastKnownFileType = text.plist.xml; path = Info.plist; sourceTree = "<group>"; };
		CF881B5E1F710B4D00F47554 /* MadridShoppingTests.xctest */ = {isa = PBXFileReference; explicitFileType = wrapper.cfbundle; includeInIndex = 0; path = MadridShoppingTests.xctest; sourceTree = BUILT_PRODUCTS_DIR; };
		CF881B621F710B4D00F47554 /* MadridShoppingTests.swift */ = {isa = PBXFileReference; lastKnownFileType = sourcecode.swift; path = MadridShoppingTests.swift; sourceTree = "<group>"; };
		CF881B641F710B4D00F47554 /* Info.plist */ = {isa = PBXFileReference; lastKnownFileType = text.plist.xml; path = Info.plist; sourceTree = "<group>"; };
		CF881B701F711CBC00F47554 /* logo-ms.jpeg */ = {isa = PBXFileReference; lastKnownFileType = image.jpeg; path = "logo-ms.jpeg"; sourceTree = "<group>"; };
		CF881B731F7135CA00F47554 /* sample-map-DetailShopViewController.png */ = {isa = PBXFileReference; lastKnownFileType = image.png; path = "sample-map-DetailShopViewController.png"; sourceTree = "<group>"; };
		CF881B741F7135CA00F47554 /* sample-map-ShopsViewController.png */ = {isa = PBXFileReference; lastKnownFileType = image.png; path = "sample-map-ShopsViewController.png"; sourceTree = "<group>"; };
		CF8E178C1F7A9DC7004803F1 /* DownloadAllShopsInteractorNSDataImp.swift */ = {isa = PBXFileReference; lastKnownFileType = sourcecode.swift; path = DownloadAllShopsInteractorNSDataImp.swift; sourceTree = "<group>"; };
		CF8E178F1F7AA0B0004803F1 /* JSONParser.swift */ = {isa = PBXFileReference; lastKnownFileType = sourcecode.swift; path = JSONParser.swift; sourceTree = "<group>"; };
		CF8E17911F7AA0FF004803F1 /* DownloadAllShopsInteractorNSURLSessionImpl.swift */ = {isa = PBXFileReference; lastKnownFileType = sourcecode.swift; path = DownloadAllShopsInteractorNSURLSessionImpl.swift; sourceTree = "<group>"; };
		CF8E17941F7AA425004803F1 /* String+Image.swift */ = {isa = PBXFileReference; lastKnownFileType = sourcecode.swift; path = "String+Image.swift"; sourceTree = "<group>"; };
		CF8E17971F7BBF83004803F1 /* MapKit.framework */ = {isa = PBXFileReference; lastKnownFileType = wrapper.framework; name = MapKit.framework; path = System/Library/Frameworks/MapKit.framework; sourceTree = SDKROOT; };
		CFF970C41F7EA6AD006D74DD /* MapShops.swift */ = {isa = PBXFileReference; lastKnownFileType = sourcecode.swift; path = MapShops.swift; sourceTree = "<group>"; };
		CFF970C61F7EC684006D74DD /* SetExecuteOneInteractorImp.swift */ = {isa = PBXFileReference; lastKnownFileType = sourcecode.swift; path = SetExecuteOneInteractorImp.swift; sourceTree = "<group>"; };
		CFF970C71F7EC684006D74DD /* ExecuteOnceInteractorImp.swift */ = {isa = PBXFileReference; lastKnownFileType = sourcecode.swift; path = ExecuteOnceInteractorImp.swift; sourceTree = "<group>"; };
		CFF970C81F7EC685006D74DD /* SetExecuteOneInteractor.swift */ = {isa = PBXFileReference; lastKnownFileType = sourcecode.swift; path = SetExecuteOneInteractor.swift; sourceTree = "<group>"; };
		CFF970C91F7EC685006D74DD /* ExecuteOnceInteractor.swift */ = {isa = PBXFileReference; lastKnownFileType = sourcecode.swift; path = ExecuteOnceInteractor.swift; sourceTree = "<group>"; };
		CFF970CE1F7FEE06006D74DD /* MapPin.swift */ = {isa = PBXFileReference; lastKnownFileType = sourcecode.swift; path = MapPin.swift; sourceTree = "<group>"; };
		CFF970D01F7FEE83006D74DD /* ShopsViewController+MapViewDelegate.swift */ = {isa = PBXFileReference; lastKnownFileType = sourcecode.swift; path = "ShopsViewController+MapViewDelegate.swift"; sourceTree = "<group>"; };
		E47BB5363BA808AD1983A1AA /* Pods_MadridShopping.framework */ = {isa = PBXFileReference; explicitFileType = wrapper.framework; includeInIndex = 0; path = Pods_MadridShopping.framework; sourceTree = BUILT_PRODUCTS_DIR; };
/* End PBXFileReference section */

/* Begin PBXFrameworksBuildPhase section */
		CF881B471F710B4D00F47554 /* Frameworks */ = {
			isa = PBXFrameworksBuildPhase;
			buildActionMask = 2147483647;
			files = (
				CF47066B1F7D3A7D00A4CD5B /* CoreData.framework in Frameworks */,
				CF8E17981F7BBF83004803F1 /* MapKit.framework in Frameworks */,
				0833C94F0B594FFD67C90188 /* Pods_MadridShopping.framework in Frameworks */,
			);
			runOnlyForDeploymentPostprocessing = 0;
		};
		CF881B5B1F710B4D00F47554 /* Frameworks */ = {
			isa = PBXFrameworksBuildPhase;
			buildActionMask = 2147483647;
			files = (
				30FD9992BD332274E21B0E4E /* Pods_MadridShoppingTests.framework in Frameworks */,
			);
			runOnlyForDeploymentPostprocessing = 0;
		};
/* End PBXFrameworksBuildPhase section */

/* Begin PBXGroup section */
		30EBCF21309C1382F10C1687 /* Pods */ = {
			isa = PBXGroup;
			children = (
				864BA5B0D27CC3833253F9DD /* Pods-MadridShopping.debug.xcconfig */,
				4DCE609513645EA1272D4D70 /* Pods-MadridShopping.release.xcconfig */,
				9E57A062914236232ADA3AFB /* Pods-MadridShoppingTests.debug.xcconfig */,
				C67D6F910A941197E3289AD3 /* Pods-MadridShoppingTests.release.xcconfig */,
			);
			name = Pods;
			sourceTree = "<group>";
		};
		CF1FAE441F76C82600B24976 /* Model */ = {
			isa = PBXGroup;
			children = (
				CFF970C21F7EA3A3006D74DD /* Mappers */,
				CF1FAE451F76C85600B24976 /* Interactors */,
				CF1FAE481F76D05F00B24976 /* Shop.swift */,
				CF1FAE4A1F76D07700B24976 /* Shops.swift */,
				CF47066C1F7D3AD000A4CD5B /* MadridShopping.xcdatamodeld */,
			);
			path = Model;
			sourceTree = "<group>";
		};
		CF1FAE451F76C85600B24976 /* Interactors */ = {
			isa = PBXGroup;
			children = (
				CF4706711F7D4B6D00A4CD5B /* CacheInteractors */,
				CF8E178E1F7AA05D004803F1 /* JsonParser */,
				CF1FAE461F76CFFF00B24976 /* DownloadAllShopsInteractor.swift */,
				CF1FAE4C1F76D4F200B24976 /* DownloadAllShopsInteractorFakeImpl.swift */,
				CF1FAE4E1F76D8DB00B24976 /* Typealias.swift */,
				CF8E178C1F7A9DC7004803F1 /* DownloadAllShopsInteractorNSDataImp.swift */,
				CF8E17911F7AA0FF004803F1 /* DownloadAllShopsInteractorNSURLSessionImpl.swift */,
				CFF970C91F7EC685006D74DD /* ExecuteOnceInteractor.swift */,
				CFF970C71F7EC684006D74DD /* ExecuteOnceInteractorImp.swift */,
				CFF970C81F7EC685006D74DD /* SetExecuteOneInteractor.swift */,
				CFF970C61F7EC684006D74DD /* SetExecuteOneInteractorImp.swift */,
			);
			path = Interactors;
			sourceTree = "<group>";
		};
		CF4706711F7D4B6D00A4CD5B /* CacheInteractors */ = {
			isa = PBXGroup;
			children = (
				CF4706721F7D4B8D00A4CD5B /* SaveAllShopsInteractor.swift */,
				CF4706741F7D4BA700A4CD5B /* SaveAllShopsInteractorImpl.swift */,
			);
			path = CacheInteractors;
			sourceTree = "<group>";
		};
		CF881B411F710B4D00F47554 = {
			isa = PBXGroup;
			children = (
				CF881B4C1F710B4D00F47554 /* MadridShopping */,
				CF881B611F710B4D00F47554 /* MadridShoppingTests */,
				CF881B4B1F710B4D00F47554 /* Products */,
				CF8E17961F7BBF83004803F1 /* Frameworks */,
				30EBCF21309C1382F10C1687 /* Pods */,
			);
			sourceTree = "<group>";
		};
		CF881B4B1F710B4D00F47554 /* Products */ = {
			isa = PBXGroup;
			children = (
				CF881B4A1F710B4D00F47554 /* MadridShopping.app */,
				CF881B5E1F710B4D00F47554 /* MadridShoppingTests.xctest */,
			);
			name = Products;
			sourceTree = "<group>";
		};
		CF881B4C1F710B4D00F47554 /* MadridShopping */ = {
			isa = PBXGroup;
			children = (
				CF881B4D1F710B4D00F47554 /* AppDelegate.swift */,
				CF8E17931F7AA400004803F1 /* Util */,
				CF1FAE441F76C82600B24976 /* Model */,
				CF881B6D1F71195A00F47554 /* View */,
				CF881B6E1F71196900F47554 /* Controller */,
				CF881B6F1F71199600F47554 /* Resources */,
				CF881B591F710B4D00F47554 /* Info.plist */,
				CF881B541F710B4D00F47554 /* Assets.xcassets */,
			);
			path = MadridShopping;
			sourceTree = "<group>";
		};
		CF881B611F710B4D00F47554 /* MadridShoppingTests */ = {
			isa = PBXGroup;
			children = (
				CF881B621F710B4D00F47554 /* MadridShoppingTests.swift */,
				CF881B641F710B4D00F47554 /* Info.plist */,
			);
			path = MadridShoppingTests;
			sourceTree = "<group>";
		};
		CF881B6D1F71195A00F47554 /* View */ = {
			isa = PBXGroup;
			children = (
				CF5B58BF1F83D9F700307AEC /* Main.storyboard */,
				CF881B561F710B4D00F47554 /* LaunchScreen.storyboard */,
				CF1FAE541F795F3E00B24976 /* ShopCell.swift */,
				CFF970CE1F7FEE06006D74DD /* MapPin.swift */,
			);
			path = View;
			sourceTree = "<group>";
		};
		CF881B6E1F71196900F47554 /* Controller */ = {
			isa = PBXGroup;
			children = (
				CF1FAE501F77CBDD00B24976 /* MainViewController.swift */,
				CF881B4F1F710B4D00F47554 /* ShopsViewController.swift */,
				CF1FAE521F795AF300B24976 /* ShopsViewController+CollectionViewController.swift */,
				CF165F141F7BFD0300AB3A97 /* ShopViewDetailController.swift */,
				CFF970D01F7FEE83006D74DD /* ShopsViewController+MapViewDelegate.swift */,
			);
			path = Controller;
			sourceTree = "<group>";
		};
		CF881B6F1F71199600F47554 /* Resources */ = {
			isa = PBXGroup;
			children = (
				CF881B731F7135CA00F47554 /* sample-map-DetailShopViewController.png */,
				CF881B741F7135CA00F47554 /* sample-map-ShopsViewController.png */,
				CF881B701F711CBC00F47554 /* logo-ms.jpeg */,
			);
			path = Resources;
			sourceTree = "<group>";
		};
		CF8E178E1F7AA05D004803F1 /* JsonParser */ = {
			isa = PBXGroup;
			children = (
				CF8E178F1F7AA0B0004803F1 /* JSONParser.swift */,
			);
			path = JsonParser;
			sourceTree = "<group>";
		};
		CF8E17931F7AA400004803F1 /* Util */ = {
			isa = PBXGroup;
			children = (
				CF47066F1F7D3FF200A4CD5B /* CoreDataStack.swift */,
				CF8E17941F7AA425004803F1 /* String+Image.swift */,
			);
			path = Util;
			sourceTree = "<group>";
		};
		CF8E17961F7BBF83004803F1 /* Frameworks */ = {
			isa = PBXGroup;
			children = (
				CF47066A1F7D3A7D00A4CD5B /* CoreData.framework */,
				CF8E17971F7BBF83004803F1 /* MapKit.framework */,
				E47BB5363BA808AD1983A1AA /* Pods_MadridShopping.framework */,
				1F5C1D7DDCED3B1952B3C233 /* Pods_MadridShoppingTests.framework */,
			);
			name = Frameworks;
			sourceTree = "<group>";
		};
		CFF970C21F7EA3A3006D74DD /* Mappers */ = {
			isa = PBXGroup;
			children = (
				CFF970C41F7EA6AD006D74DD /* MapShops.swift */,
			);
			path = Mappers;
			sourceTree = "<group>";
		};
/* End PBXGroup section */

/* Begin PBXNativeTarget section */
		CF881B491F710B4D00F47554 /* MadridShopping */ = {
			isa = PBXNativeTarget;
			buildConfigurationList = CF881B671F710B4D00F47554 /* Build configuration list for PBXNativeTarget "MadridShopping" */;
			buildPhases = (
				EEC8C7D6C15A5BEE983215A4 /* [CP] Check Pods Manifest.lock */,
				CF881B461F710B4D00F47554 /* Sources */,
				CF881B471F710B4D00F47554 /* Frameworks */,
				CF881B481F710B4D00F47554 /* Resources */,
				C8CE4963776E622CF0086D4E /* [CP] Embed Pods Frameworks */,
				426DF2260F1E8C686FA863F5 /* [CP] Copy Pods Resources */,
			);
			buildRules = (
			);
			dependencies = (
			);
			name = MadridShopping;
			productName = MadridShopping;
			productReference = CF881B4A1F710B4D00F47554 /* MadridShopping.app */;
			productType = "com.apple.product-type.application";
		};
		CF881B5D1F710B4D00F47554 /* MadridShoppingTests */ = {
			isa = PBXNativeTarget;
			buildConfigurationList = CF881B6A1F710B4D00F47554 /* Build configuration list for PBXNativeTarget "MadridShoppingTests" */;
			buildPhases = (
				F7A5817C64740AFF9B487563 /* [CP] Check Pods Manifest.lock */,
				CF881B5A1F710B4D00F47554 /* Sources */,
				CF881B5B1F710B4D00F47554 /* Frameworks */,
				CF881B5C1F710B4D00F47554 /* Resources */,
				2899F58DE82D02179147829A /* [CP] Embed Pods Frameworks */,
				1E27B4024AB197D42CF12554 /* [CP] Copy Pods Resources */,
			);
			buildRules = (
			);
			dependencies = (
				CF881B601F710B4D00F47554 /* PBXTargetDependency */,
			);
			name = MadridShoppingTests;
			productName = MadridShoppingTests;
			productReference = CF881B5E1F710B4D00F47554 /* MadridShoppingTests.xctest */;
			productType = "com.apple.product-type.bundle.unit-test";
		};
/* End PBXNativeTarget section */

/* Begin PBXProject section */
		CF881B421F710B4D00F47554 /* Project object */ = {
			isa = PBXProject;
			attributes = {
				LastSwiftUpdateCheck = 0900;
				LastUpgradeCheck = 0900;
				ORGANIZATIONNAME = pedrosapro;
				TargetAttributes = {
					CF881B491F710B4D00F47554 = {
						CreatedOnToolsVersion = 9.0;
						ProvisioningStyle = Automatic;
						SystemCapabilities = {
							com.apple.Maps.iOS = {
								enabled = 1;
							};
						};
					};
					CF881B5D1F710B4D00F47554 = {
						CreatedOnToolsVersion = 9.0;
						ProvisioningStyle = Automatic;
						TestTargetID = CF881B491F710B4D00F47554;
					};
				};
			};
			buildConfigurationList = CF881B451F710B4D00F47554 /* Build configuration list for PBXProject "MadridShopping" */;
			compatibilityVersion = "Xcode 8.0";
			developmentRegion = en;
			hasScannedForEncodings = 0;
			knownRegions = (
				en,
				Base,
			);
			mainGroup = CF881B411F710B4D00F47554;
			productRefGroup = CF881B4B1F710B4D00F47554 /* Products */;
			projectDirPath = "";
			projectRoot = "";
			targets = (
				CF881B491F710B4D00F47554 /* MadridShopping */,
				CF881B5D1F710B4D00F47554 /* MadridShoppingTests */,
			);
		};
/* End PBXProject section */

/* Begin PBXResourcesBuildPhase section */
		CF881B481F710B4D00F47554 /* Resources */ = {
			isa = PBXResourcesBuildPhase;
			buildActionMask = 2147483647;
			files = (
				CF881B761F71473800F47554 /* sample-map-DetailShopViewController.png in Resources */,
				CF881B771F71473800F47554 /* sample-map-ShopsViewController.png in Resources */,
				CF881B781F71473800F47554 /* logo-ms.jpeg in Resources */,
				CF5B58BD1F83D9F700307AEC /* Main.storyboard in Resources */,
				CF881B581F710B4D00F47554 /* LaunchScreen.storyboard in Resources */,
				CF881B551F710B4D00F47554 /* Assets.xcassets in Resources */,
			);
			runOnlyForDeploymentPostprocessing = 0;
		};
		CF881B5C1F710B4D00F47554 /* Resources */ = {
			isa = PBXResourcesBuildPhase;
			buildActionMask = 2147483647;
			files = (
			);
			runOnlyForDeploymentPostprocessing = 0;
		};
/* End PBXResourcesBuildPhase section */

/* Begin PBXShellScriptBuildPhase section */
		1E27B4024AB197D42CF12554 /* [CP] Copy Pods Resources */ = {
			isa = PBXShellScriptBuildPhase;
			buildActionMask = 2147483647;
			files = (
			);
			inputPaths = (
			);
			name = "[CP] Copy Pods Resources";
			outputPaths = (
			);
			runOnlyForDeploymentPostprocessing = 0;
			shellPath = /bin/sh;
			shellScript = "\"${SRCROOT}/Pods/Target Support Files/Pods-MadridShoppingTests/Pods-MadridShoppingTests-resources.sh\"\n";
			showEnvVarsInLog = 0;
		};
		2899F58DE82D02179147829A /* [CP] Embed Pods Frameworks */ = {
			isa = PBXShellScriptBuildPhase;
			buildActionMask = 2147483647;
			files = (
			);
			inputPaths = (
			);
			name = "[CP] Embed Pods Frameworks";
			outputPaths = (
			);
			runOnlyForDeploymentPostprocessing = 0;
			shellPath = /bin/sh;
			shellScript = "\"${SRCROOT}/Pods/Target Support Files/Pods-MadridShoppingTests/Pods-MadridShoppingTests-frameworks.sh\"\n";
			showEnvVarsInLog = 0;
		};
		426DF2260F1E8C686FA863F5 /* [CP] Copy Pods Resources */ = {
			isa = PBXShellScriptBuildPhase;
			buildActionMask = 2147483647;
			files = (
			);
			inputPaths = (
			);
			name = "[CP] Copy Pods Resources";
			outputPaths = (
			);
			runOnlyForDeploymentPostprocessing = 0;
			shellPath = /bin/sh;
			shellScript = "\"${SRCROOT}/Pods/Target Support Files/Pods-MadridShopping/Pods-MadridShopping-resources.sh\"\n";
			showEnvVarsInLog = 0;
		};
		C8CE4963776E622CF0086D4E /* [CP] Embed Pods Frameworks */ = {
			isa = PBXShellScriptBuildPhase;
			buildActionMask = 2147483647;
			files = (
			);
			inputPaths = (
				"${SRCROOT}/Pods/Target Support Files/Pods-MadridShopping/Pods-MadridShopping-frameworks.sh",
				"${BUILT_PRODUCTS_DIR}/Kingfisher/Kingfisher.framework",
			);
			name = "[CP] Embed Pods Frameworks";
			outputPaths = (
				"${TARGET_BUILD_DIR}/${FRAMEWORKS_FOLDER_PATH}/Kingfisher.framework",
			);
			runOnlyForDeploymentPostprocessing = 0;
			shellPath = /bin/sh;
			shellScript = "\"${SRCROOT}/Pods/Target Support Files/Pods-MadridShopping/Pods-MadridShopping-frameworks.sh\"\n";
			showEnvVarsInLog = 0;
		};
		EEC8C7D6C15A5BEE983215A4 /* [CP] Check Pods Manifest.lock */ = {
			isa = PBXShellScriptBuildPhase;
			buildActionMask = 2147483647;
			files = (
			);
			inputPaths = (
				"${PODS_PODFILE_DIR_PATH}/Podfile.lock",
				"${PODS_ROOT}/Manifest.lock",
			);
			name = "[CP] Check Pods Manifest.lock";
			outputPaths = (
				"$(DERIVED_FILE_DIR)/Pods-MadridShopping-checkManifestLockResult.txt",
			);
			runOnlyForDeploymentPostprocessing = 0;
			shellPath = /bin/sh;
			shellScript = "diff \"${PODS_PODFILE_DIR_PATH}/Podfile.lock\" \"${PODS_ROOT}/Manifest.lock\" > /dev/null\nif [ $? != 0 ] ; then\n    # print error to STDERR\n    echo \"error: The sandbox is not in sync with the Podfile.lock. Run 'pod install' or update your CocoaPods installation.\" >&2\n    exit 1\nfi\n# This output is used by Xcode 'outputs' to avoid re-running this script phase.\necho \"SUCCESS\" > \"${SCRIPT_OUTPUT_FILE_0}\"\n";
			showEnvVarsInLog = 0;
		};
		F7A5817C64740AFF9B487563 /* [CP] Check Pods Manifest.lock */ = {
			isa = PBXShellScriptBuildPhase;
			buildActionMask = 2147483647;
			files = (
			);
			inputPaths = (
				"${PODS_PODFILE_DIR_PATH}/Podfile.lock",
				"${PODS_ROOT}/Manifest.lock",
			);
			name = "[CP] Check Pods Manifest.lock";
			outputPaths = (
				"$(DERIVED_FILE_DIR)/Pods-MadridShoppingTests-checkManifestLockResult.txt",
			);
			runOnlyForDeploymentPostprocessing = 0;
			shellPath = /bin/sh;
			shellScript = "diff \"${PODS_PODFILE_DIR_PATH}/Podfile.lock\" \"${PODS_ROOT}/Manifest.lock\" > /dev/null\nif [ $? != 0 ] ; then\n    # print error to STDERR\n    echo \"error: The sandbox is not in sync with the Podfile.lock. Run 'pod install' or update your CocoaPods installation.\" >&2\n    exit 1\nfi\n# This output is used by Xcode 'outputs' to avoid re-running this script phase.\necho \"SUCCESS\" > \"${SCRIPT_OUTPUT_FILE_0}\"\n";
			showEnvVarsInLog = 0;
		};
/* End PBXShellScriptBuildPhase section */

/* Begin PBXSourcesBuildPhase section */
		CF881B461F710B4D00F47554 /* Sources */ = {
			isa = PBXSourcesBuildPhase;
			buildActionMask = 2147483647;
			files = (
				CF881B501F710B4D00F47554 /* ShopsViewController.swift in Sources */,
				CFF970CF1F7FEE06006D74DD /* MapPin.swift in Sources */,
				CF1FAE4B1F76D07700B24976 /* Shops.swift in Sources */,
				CFF970CB1F7EC686006D74DD /* ExecuteOnceInteractorImp.swift in Sources */,
				CF165F151F7BFD0300AB3A97 /* ShopViewDetailController.swift in Sources */,
				CF4706731F7D4B8D00A4CD5B /* SaveAllShopsInteractor.swift in Sources */,
				CF8E17901F7AA0B0004803F1 /* JSONParser.swift in Sources */,
				CF1FAE471F76CFFF00B24976 /* DownloadAllShopsInteractor.swift in Sources */,
				CF4706751F7D4BA700A4CD5B /* SaveAllShopsInteractorImpl.swift in Sources */,
				CF881B4E1F710B4D00F47554 /* AppDelegate.swift in Sources */,
				CFF970CD1F7EC686006D74DD /* ExecuteOnceInteractor.swift in Sources */,
				CFF970CA1F7EC686006D74DD /* SetExecuteOneInteractorImp.swift in Sources */,
				CFF970C51F7EA992006D74DD /* MapShops.swift in Sources */,
				CFF970CC1F7EC686006D74DD /* SetExecuteOneInteractor.swift in Sources */,
				CF1FAE491F76D05F00B24976 /* Shop.swift in Sources */,
				CF8E17951F7AA425004803F1 /* String+Image.swift in Sources */,
				CF1FAE4D1F76D4F200B24976 /* DownloadAllShopsInteractorFakeImpl.swift in Sources */,
				CF1FAE531F795AF300B24976 /* ShopsViewController+CollectionViewController.swift in Sources */,
				CF1FAE4F1F76D8DB00B24976 /* Typealias.swift in Sources */,
				CFF970D11F7FEE83006D74DD /* ShopsViewController+MapViewDelegate.swift in Sources */,
				CF8E17921F7AA0FF004803F1 /* DownloadAllShopsInteractorNSURLSessionImpl.swift in Sources */,
				CF4706701F7D3FF200A4CD5B /* CoreDataStack.swift in Sources */,
				CF47066E1F7D3AD000A4CD5B /* MadridShopping.xcdatamodeld in Sources */,
				CF1FAE511F77CBDD00B24976 /* MainViewController.swift in Sources */,
				CF8E178D1F7A9DC7004803F1 /* DownloadAllShopsInteractorNSDataImp.swift in Sources */,
				CF1FAE551F795F3E00B24976 /* ShopCell.swift in Sources */,
			);
			runOnlyForDeploymentPostprocessing = 0;
		};
		CF881B5A1F710B4D00F47554 /* Sources */ = {
			isa = PBXSourcesBuildPhase;
			buildActionMask = 2147483647;
			files = (
				CF881B631F710B4D00F47554 /* MadridShoppingTests.swift in Sources */,
			);
			runOnlyForDeploymentPostprocessing = 0;
		};
/* End PBXSourcesBuildPhase section */

/* Begin PBXTargetDependency section */
		CF881B601F710B4D00F47554 /* PBXTargetDependency */ = {
			isa = PBXTargetDependency;
			target = CF881B491F710B4D00F47554 /* MadridShopping */;
			targetProxy = CF881B5F1F710B4D00F47554 /* PBXContainerItemProxy */;
		};
/* End PBXTargetDependency section */

/* Begin PBXVariantGroup section */
		CF5B58BF1F83D9F700307AEC /* Main.storyboard */ = {
			isa = PBXVariantGroup;
			children = (
				CF5B58BE1F83D9F700307AEC /* Base */,
				CF5B58C01F83DA5D00307AEC /* es */,
			);
			name = Main.storyboard;
			sourceTree = "<group>";
		};
		CF881B561F710B4D00F47554 /* LaunchScreen.storyboard */ = {
			isa = PBXVariantGroup;
			children = (
				CF881B571F710B4D00F47554 /* Base */,
				CF5B58C11F83DA5D00307AEC /* es */,
			);
			name = LaunchScreen.storyboard;
			sourceTree = "<group>";
		};
/* End PBXVariantGroup section */

/* Begin XCBuildConfiguration section */
		CF881B651F710B4D00F47554 /* Debug */ = {
			isa = XCBuildConfiguration;
			buildSettings = {
				ALWAYS_SEARCH_USER_PATHS = NO;
				CLANG_ANALYZER_LOCALIZABILITY_NONLOCALIZED = YES;
				CLANG_ANALYZER_NONNULL = YES;
				CLANG_ANALYZER_NUMBER_OBJECT_CONVERSION = YES_AGGRESSIVE;
				CLANG_CXX_LANGUAGE_STANDARD = "gnu++14";
				CLANG_CXX_LIBRARY = "libc++";
				CLANG_ENABLE_MODULES = YES;
				CLANG_ENABLE_OBJC_ARC = YES;
				CLANG_WARN_BLOCK_CAPTURE_AUTORELEASING = YES;
				CLANG_WARN_BOOL_CONVERSION = YES;
				CLANG_WARN_COMMA = YES;
				CLANG_WARN_CONSTANT_CONVERSION = YES;
				CLANG_WARN_DIRECT_OBJC_ISA_USAGE = YES_ERROR;
				CLANG_WARN_DOCUMENTATION_COMMENTS = YES;
				CLANG_WARN_EMPTY_BODY = YES;
				CLANG_WARN_ENUM_CONVERSION = YES;
				CLANG_WARN_INFINITE_RECURSION = YES;
				CLANG_WARN_INT_CONVERSION = YES;
				CLANG_WARN_NON_LITERAL_NULL_CONVERSION = YES;
				CLANG_WARN_OBJC_LITERAL_CONVERSION = YES;
				CLANG_WARN_OBJC_ROOT_CLASS = YES_ERROR;
				CLANG_WARN_RANGE_LOOP_ANALYSIS = YES;
				CLANG_WARN_STRICT_PROTOTYPES = YES;
				CLANG_WARN_SUSPICIOUS_MOVE = YES;
				CLANG_WARN_UNGUARDED_AVAILABILITY = YES_AGGRESSIVE;
				CLANG_WARN_UNREACHABLE_CODE = YES;
				CLANG_WARN__DUPLICATE_METHOD_MATCH = YES;
				CODE_SIGN_IDENTITY = "iPhone Developer";
				COPY_PHASE_STRIP = NO;
				DEBUG_INFORMATION_FORMAT = dwarf;
				ENABLE_STRICT_OBJC_MSGSEND = YES;
				ENABLE_TESTABILITY = YES;
				GCC_C_LANGUAGE_STANDARD = gnu11;
				GCC_DYNAMIC_NO_PIC = NO;
				GCC_NO_COMMON_BLOCKS = YES;
				GCC_OPTIMIZATION_LEVEL = 0;
				GCC_PREPROCESSOR_DEFINITIONS = (
					"DEBUG=1",
					"$(inherited)",
				);
				GCC_WARN_64_TO_32_BIT_CONVERSION = YES;
				GCC_WARN_ABOUT_RETURN_TYPE = YES_ERROR;
				GCC_WARN_UNDECLARED_SELECTOR = YES;
				GCC_WARN_UNINITIALIZED_AUTOS = YES_AGGRESSIVE;
				GCC_WARN_UNUSED_FUNCTION = YES;
				GCC_WARN_UNUSED_VARIABLE = YES;
				IPHONEOS_DEPLOYMENT_TARGET = 10.3;
				MTL_ENABLE_DEBUG_INFO = YES;
				ONLY_ACTIVE_ARCH = YES;
				SDKROOT = iphoneos;
				SWIFT_ACTIVE_COMPILATION_CONDITIONS = DEBUG;
				SWIFT_OPTIMIZATION_LEVEL = "-Onone";
			};
			name = Debug;
		};
		CF881B661F710B4D00F47554 /* Release */ = {
			isa = XCBuildConfiguration;
			buildSettings = {
				ALWAYS_SEARCH_USER_PATHS = NO;
				CLANG_ANALYZER_LOCALIZABILITY_NONLOCALIZED = YES;
				CLANG_ANALYZER_NONNULL = YES;
				CLANG_ANALYZER_NUMBER_OBJECT_CONVERSION = YES_AGGRESSIVE;
				CLANG_CXX_LANGUAGE_STANDARD = "gnu++14";
				CLANG_CXX_LIBRARY = "libc++";
				CLANG_ENABLE_MODULES = YES;
				CLANG_ENABLE_OBJC_ARC = YES;
				CLANG_WARN_BLOCK_CAPTURE_AUTORELEASING = YES;
				CLANG_WARN_BOOL_CONVERSION = YES;
				CLANG_WARN_COMMA = YES;
				CLANG_WARN_CONSTANT_CONVERSION = YES;
				CLANG_WARN_DIRECT_OBJC_ISA_USAGE = YES_ERROR;
				CLANG_WARN_DOCUMENTATION_COMMENTS = YES;
				CLANG_WARN_EMPTY_BODY = YES;
				CLANG_WARN_ENUM_CONVERSION = YES;
				CLANG_WARN_INFINITE_RECURSION = YES;
				CLANG_WARN_INT_CONVERSION = YES;
				CLANG_WARN_NON_LITERAL_NULL_CONVERSION = YES;
				CLANG_WARN_OBJC_LITERAL_CONVERSION = YES;
				CLANG_WARN_OBJC_ROOT_CLASS = YES_ERROR;
				CLANG_WARN_RANGE_LOOP_ANALYSIS = YES;
				CLANG_WARN_STRICT_PROTOTYPES = YES;
				CLANG_WARN_SUSPICIOUS_MOVE = YES;
				CLANG_WARN_UNGUARDED_AVAILABILITY = YES_AGGRESSIVE;
				CLANG_WARN_UNREACHABLE_CODE = YES;
				CLANG_WARN__DUPLICATE_METHOD_MATCH = YES;
				CODE_SIGN_IDENTITY = "iPhone Developer";
				COPY_PHASE_STRIP = NO;
				DEBUG_INFORMATION_FORMAT = "dwarf-with-dsym";
				ENABLE_NS_ASSERTIONS = NO;
				ENABLE_STRICT_OBJC_MSGSEND = YES;
				GCC_C_LANGUAGE_STANDARD = gnu11;
				GCC_NO_COMMON_BLOCKS = YES;
				GCC_WARN_64_TO_32_BIT_CONVERSION = YES;
				GCC_WARN_ABOUT_RETURN_TYPE = YES_ERROR;
				GCC_WARN_UNDECLARED_SELECTOR = YES;
				GCC_WARN_UNINITIALIZED_AUTOS = YES_AGGRESSIVE;
				GCC_WARN_UNUSED_FUNCTION = YES;
				GCC_WARN_UNUSED_VARIABLE = YES;
				IPHONEOS_DEPLOYMENT_TARGET = 10.3;
				MTL_ENABLE_DEBUG_INFO = NO;
				SDKROOT = iphoneos;
				SWIFT_OPTIMIZATION_LEVEL = "-Owholemodule";
				VALIDATE_PRODUCT = YES;
			};
			name = Release;
		};
		CF881B681F710B4D00F47554 /* Debug */ = {
			isa = XCBuildConfiguration;
			baseConfigurationReference = 864BA5B0D27CC3833253F9DD /* Pods-MadridShopping.debug.xcconfig */;
			buildSettings = {
				ASSETCATALOG_COMPILER_APPICON_NAME = AppIcon;
				CODE_SIGN_STYLE = Automatic;
				DEVELOPMENT_TEAM = 2DSC2P3NCP;
				INFOPLIST_FILE = MadridShopping/Info.plist;
				LD_RUNPATH_SEARCH_PATHS = "$(inherited) @executable_path/Frameworks";
				PRODUCT_BUNDLE_IDENTIFIER = pro.pedrosa.keepCoding.MadridShopping;
				PRODUCT_NAME = "$(TARGET_NAME)";
				SWIFT_VERSION = 4.0;
				TARGETED_DEVICE_FAMILY = "1,2";
			};
			name = Debug;
		};
		CF881B691F710B4D00F47554 /* Release */ = {
			isa = XCBuildConfiguration;
			baseConfigurationReference = 4DCE609513645EA1272D4D70 /* Pods-MadridShopping.release.xcconfig */;
			buildSettings = {
				ASSETCATALOG_COMPILER_APPICON_NAME = AppIcon;
				CODE_SIGN_STYLE = Automatic;
				DEVELOPMENT_TEAM = 2DSC2P3NCP;
				INFOPLIST_FILE = MadridShopping/Info.plist;
				LD_RUNPATH_SEARCH_PATHS = "$(inherited) @executable_path/Frameworks";
				PRODUCT_BUNDLE_IDENTIFIER = pro.pedrosa.keepCoding.MadridShopping;
				PRODUCT_NAME = "$(TARGET_NAME)";
				SWIFT_VERSION = 4.0;
				TARGETED_DEVICE_FAMILY = "1,2";
			};
			name = Release;
		};
		CF881B6B1F710B4D00F47554 /* Debug */ = {
			isa = XCBuildConfiguration;
			baseConfigurationReference = 9E57A062914236232ADA3AFB /* Pods-MadridShoppingTests.debug.xcconfig */;
			buildSettings = {
				ALWAYS_EMBED_SWIFT_STANDARD_LIBRARIES = YES;
				BUNDLE_LOADER = "$(TEST_HOST)";
				CODE_SIGN_STYLE = Automatic;
				DEVELOPMENT_TEAM = 2DSC2P3NCP;
				INFOPLIST_FILE = MadridShoppingTests/Info.plist;
				LD_RUNPATH_SEARCH_PATHS = "$(inherited) @executable_path/Frameworks @loader_path/Frameworks";
				PRODUCT_BUNDLE_IDENTIFIER = pro.pedrosa.keepCoding.MadridShoppingTests;
				PRODUCT_NAME = "$(TARGET_NAME)";
				SWIFT_VERSION = 4.0;
				TARGETED_DEVICE_FAMILY = "1,2";
				TEST_HOST = "$(BUILT_PRODUCTS_DIR)/MadridShopping.app/MadridShopping";
			};
			name = Debug;
		};
		CF881B6C1F710B4D00F47554 /* Release */ = {
			isa = XCBuildConfiguration;
			baseConfigurationReference = C67D6F910A941197E3289AD3 /* Pods-MadridShoppingTests.release.xcconfig */;
			buildSettings = {
				ALWAYS_EMBED_SWIFT_STANDARD_LIBRARIES = YES;
				BUNDLE_LOADER = "$(TEST_HOST)";
				CODE_SIGN_STYLE = Automatic;
				DEVELOPMENT_TEAM = 2DSC2P3NCP;
				INFOPLIST_FILE = MadridShoppingTests/Info.plist;
				LD_RUNPATH_SEARCH_PATHS = "$(inherited) @executable_path/Frameworks @loader_path/Frameworks";
				PRODUCT_BUNDLE_IDENTIFIER = pro.pedrosa.keepCoding.MadridShoppingTests;
				PRODUCT_NAME = "$(TARGET_NAME)";
				SWIFT_VERSION = 4.0;
				TARGETED_DEVICE_FAMILY = "1,2";
				TEST_HOST = "$(BUILT_PRODUCTS_DIR)/MadridShopping.app/MadridShopping";
			};
			name = Release;
		};
/* End XCBuildConfiguration section */

/* Begin XCConfigurationList section */
		CF881B451F710B4D00F47554 /* Build configuration list for PBXProject "MadridShopping" */ = {
			isa = XCConfigurationList;
			buildConfigurations = (
				CF881B651F710B4D00F47554 /* Debug */,
				CF881B661F710B4D00F47554 /* Release */,
			);
			defaultConfigurationIsVisible = 0;
			defaultConfigurationName = Release;
		};
		CF881B671F710B4D00F47554 /* Build configuration list for PBXNativeTarget "MadridShopping" */ = {
			isa = XCConfigurationList;
			buildConfigurations = (
				CF881B681F710B4D00F47554 /* Debug */,
				CF881B691F710B4D00F47554 /* Release */,
			);
			defaultConfigurationIsVisible = 0;
			defaultConfigurationName = Release;
		};
		CF881B6A1F710B4D00F47554 /* Build configuration list for PBXNativeTarget "MadridShoppingTests" */ = {
			isa = XCConfigurationList;
			buildConfigurations = (
				CF881B6B1F710B4D00F47554 /* Debug */,
				CF881B6C1F710B4D00F47554 /* Release */,
			);
			defaultConfigurationIsVisible = 0;
			defaultConfigurationName = Release;
		};
/* End XCConfigurationList section */

/* Begin XCVersionGroup section */
		CF47066C1F7D3AD000A4CD5B /* MadridShopping.xcdatamodeld */ = {
			isa = XCVersionGroup;
			children = (
				CF47066D1F7D3AD000A4CD5B /* MadridShopping.xcdatamodel */,
			);
			currentVersion = CF47066D1F7D3AD000A4CD5B /* MadridShopping.xcdatamodel */;
			path = MadridShopping.xcdatamodeld;
			sourceTree = "<group>";
			versionGroupType = wrapper.xcdatamodel;
		};
/* End XCVersionGroup section */
	};
	rootObject = CF881B421F710B4D00F47554 /* Project object */;
}
